
Microsoft Visual Studio Solution File, Format Version 12.00
# Visual Studio 15
VisualStudioVersion = 15.0.27130.2026
MinimumVisualStudioVersion = 10.0.40219.1
Project("{FAE04EC0-301F-11D3-BF4B-00C04F79EFBC}") = "AutomatedTellerMachine", "AutomatedTellerMachine\AutomatedTellerMachine.csproj", "{31EB5532-8A4E-4B5B-8949-CD9E3865F379}"
EndProject
Project("{FAE04EC0-301F-11D3-BF4B-00C04F79EFBC}") = "AutomatedTellerMachine.Tests", "AutomatedTellerMachine.Tests\AutomatedTellerMachine.Tests.csproj", "{5382142E-33C1-4B28-BEC0-CB2891CE38F6}"
EndProject
Global
	GlobalSection(SolutionConfigurationPlatforms) = preSolution
		Debug|Any CPU = Debug|Any CPU
		Release|Any CPU = Release|Any CPU
	EndGlobalSection
	GlobalSection(ProjectConfigurationPlatforms) = postSolution
		{31EB5532-8A4E-4B5B-8949-CD9E3865F379}.Debug|Any CPU.ActiveCfg = Debug|Any CPU
		{31EB5532-8A4E-4B5B-8949-CD9E3865F379}.Debug|Any CPU.Build.0 = Debug|Any CPU
		{31EB5532-8A4E-4B5B-8949-CD9E3865F379}.Release|Any CPU.ActiveCfg = Release|Any CPU
		{31EB5532-8A4E-4B5B-8949-CD9E3865F379}.Release|Any CPU.Build.0 = Release|Any CPU
		{5382142E-33C1-4B28-BEC0-CB2891CE38F6}.Debug|Any CPU.ActiveCfg = Debug|Any CPU
		{5382142E-33C1-4B28-BEC0-CB2891CE38F6}.Debug|Any CPU.Build.0 = Debug|Any CPU
		{5382142E-33C1-4B28-BEC0-CB2891CE38F6}.Release|Any CPU.ActiveCfg = Release|Any CPU
		{5382142E-33C1-4B28-BEC0-CB2891CE38F6}.Release|Any CPU.Build.0 = Release|Any CPU
	EndGlobalSection
	GlobalSection(SolutionProperties) = preSolution
		HideSolutionNode = FALSE
	EndGlobalSection
	GlobalSection(ExtensibilityGlobals) = postSolution
		SolutionGuid = {BE9721D5-A8C7-4607-860B-26D507D8C1D7}
	EndGlobalSection
EndGlobal
